
Microsoft Visual Studio Solution File, Format Version 12.00
Project("{2150E333-8FDC-42A3-9474-1A3956D46DE8}") = "ApplicationCore", "ApplicationCore", "{355EAA4F-8F10-4BF8-831C-7D441ADBA16E}"
EndProject
Project("{FAE04EC0-301F-11D3-BF4B-00C04F79EFBC}") = "IdentityCore", "IdentityCore\IdentityCore.csproj", "{24A3E653-9841-42E4-939E-1CEF061CA684}"
EndProject
Project("{FAE04EC0-301F-11D3-BF4B-00C04F79EFBC}") = "MediaCore", "MediaCore\MediaCore.csproj", "{F01D02A8-7E80-42AF-A7C0-DAD6367F6570}"
EndProject
Project("{2150E333-8FDC-42A3-9474-1A3956D46DE8}") = "Infrastructure", "Infrastructure", "{E8EB253D-01DB-42D7-A2DF-02428EF7028F}"
EndProject
Project("{FAE04EC0-301F-11D3-BF4B-00C04F79EFBC}") = "Identity.Persistence", "Identity.Persistence\Identity.Persistence.csproj", "{B52B584E-F206-4DE9-9388-B5457D0474D7}"
EndProject
Project("{FAE04EC0-301F-11D3-BF4B-00C04F79EFBC}") = "Media.Persistence", "Media.Persistence\Media.Persistence.csproj", "{B86AB17F-AD08-4620-8223-20CB5CE3FA81}"
EndProject
Project("{2150E333-8FDC-42A3-9474-1A3956D46DE8}") = "Services", "Services", "{08763D32-6F28-4924-B240-DF3EEC7BCE41}"
EndProject
Project("{FAE04EC0-301F-11D3-BF4B-00C04F79EFBC}") = "ServiceLayer", "ServiceLayer\ServiceLayer.csproj", "{8F45F7C8-19D5-4D47-9791-EB83A2FA7EEB}"
EndProject
Project("{2150E333-8FDC-42A3-9474-1A3956D46DE8}") = "API", "API", "{FB19DF5E-57E3-4123-8B54-A780BD5028ED}"
EndProject
Project("{FAE04EC0-301F-11D3-BF4B-00C04F79EFBC}") = "API", "API\API.csproj", "{25396958-BBC1-4774-94CA-C1E41418E95F}"
EndProject
Project("{2150E333-8FDC-42A3-9474-1A3956D46DE8}") = "Common", "Common", "{ABB6BE6F-9416-4332-9F24-3990C3848DB5}"
EndProject
Project("{FAE04EC0-301F-11D3-BF4B-00C04F79EFBC}") = "Common.Models", "Common.Models\Common.Models.csproj", "{22BD74AD-3369-4A33-A83F-ECB926C68727}"
EndProject
Project("{FAE04EC0-301F-11D3-BF4B-00C04F79EFBC}") = "Common.Exception", "Common.Exception\Common.Exception.csproj", "{8340E66E-0318-48B5-823A-41002986FB70}"
EndProject
Global
	GlobalSection(SolutionConfigurationPlatforms) = preSolution
		Debug|Any CPU = Debug|Any CPU
		Release|Any CPU = Release|Any CPU
	EndGlobalSection
	GlobalSection(ProjectConfigurationPlatforms) = postSolution
		{24A3E653-9841-42E4-939E-1CEF061CA684}.Debug|Any CPU.ActiveCfg = Debug|Any CPU
		{24A3E653-9841-42E4-939E-1CEF061CA684}.Debug|Any CPU.Build.0 = Debug|Any CPU
		{24A3E653-9841-42E4-939E-1CEF061CA684}.Release|Any CPU.ActiveCfg = Release|Any CPU
		{24A3E653-9841-42E4-939E-1CEF061CA684}.Release|Any CPU.Build.0 = Release|Any CPU
		{F01D02A8-7E80-42AF-A7C0-DAD6367F6570}.Debug|Any CPU.ActiveCfg = Debug|Any CPU
		{F01D02A8-7E80-42AF-A7C0-DAD6367F6570}.Debug|Any CPU.Build.0 = Debug|Any CPU
		{F01D02A8-7E80-42AF-A7C0-DAD6367F6570}.Release|Any CPU.ActiveCfg = Release|Any CPU
		{F01D02A8-7E80-42AF-A7C0-DAD6367F6570}.Release|Any CPU.Build.0 = Release|Any CPU
		{B52B584E-F206-4DE9-9388-B5457D0474D7}.Debug|Any CPU.ActiveCfg = Debug|Any CPU
		{B52B584E-F206-4DE9-9388-B5457D0474D7}.Debug|Any CPU.Build.0 = Debug|Any CPU
		{B52B584E-F206-4DE9-9388-B5457D0474D7}.Release|Any CPU.ActiveCfg = Release|Any CPU
		{B52B584E-F206-4DE9-9388-B5457D0474D7}.Release|Any CPU.Build.0 = Release|Any CPU
		{B86AB17F-AD08-4620-8223-20CB5CE3FA81}.Debug|Any CPU.ActiveCfg = Debug|Any CPU
		{B86AB17F-AD08-4620-8223-20CB5CE3FA81}.Debug|Any CPU.Build.0 = Debug|Any CPU
		{B86AB17F-AD08-4620-8223-20CB5CE3FA81}.Release|Any CPU.ActiveCfg = Release|Any CPU
		{B86AB17F-AD08-4620-8223-20CB5CE3FA81}.Release|Any CPU.Build.0 = Release|Any CPU
		{8F45F7C8-19D5-4D47-9791-EB83A2FA7EEB}.Debug|Any CPU.ActiveCfg = Debug|Any CPU
		{8F45F7C8-19D5-4D47-9791-EB83A2FA7EEB}.Debug|Any CPU.Build.0 = Debug|Any CPU
		{8F45F7C8-19D5-4D47-9791-EB83A2FA7EEB}.Release|Any CPU.ActiveCfg = Release|Any CPU
		{8F45F7C8-19D5-4D47-9791-EB83A2FA7EEB}.Release|Any CPU.Build.0 = Release|Any CPU
		{25396958-BBC1-4774-94CA-C1E41418E95F}.Debug|Any CPU.ActiveCfg = Debug|Any CPU
		{25396958-BBC1-4774-94CA-C1E41418E95F}.Debug|Any CPU.Build.0 = Debug|Any CPU
		{25396958-BBC1-4774-94CA-C1E41418E95F}.Release|Any CPU.ActiveCfg = Release|Any CPU
		{25396958-BBC1-4774-94CA-C1E41418E95F}.Release|Any CPU.Build.0 = Release|Any CPU
		{22BD74AD-3369-4A33-A83F-ECB926C68727}.Debug|Any CPU.ActiveCfg = Debug|Any CPU
		{22BD74AD-3369-4A33-A83F-ECB926C68727}.Debug|Any CPU.Build.0 = Debug|Any CPU
		{22BD74AD-3369-4A33-A83F-ECB926C68727}.Release|Any CPU.ActiveCfg = Release|Any CPU
		{22BD74AD-3369-4A33-A83F-ECB926C68727}.Release|Any CPU.Build.0 = Release|Any CPU
		{8340E66E-0318-48B5-823A-41002986FB70}.Debug|Any CPU.ActiveCfg = Debug|Any CPU
		{8340E66E-0318-48B5-823A-41002986FB70}.Debug|Any CPU.Build.0 = Debug|Any CPU
		{8340E66E-0318-48B5-823A-41002986FB70}.Release|Any CPU.ActiveCfg = Release|Any CPU
		{8340E66E-0318-48B5-823A-41002986FB70}.Release|Any CPU.Build.0 = Release|Any CPU
	EndGlobalSection
	GlobalSection(NestedProjects) = preSolution
		{24A3E653-9841-42E4-939E-1CEF061CA684} = {355EAA4F-8F10-4BF8-831C-7D441ADBA16E}
		{F01D02A8-7E80-42AF-A7C0-DAD6367F6570} = {355EAA4F-8F10-4BF8-831C-7D441ADBA16E}
		{B52B584E-F206-4DE9-9388-B5457D0474D7} = {E8EB253D-01DB-42D7-A2DF-02428EF7028F}
		{B86AB17F-AD08-4620-8223-20CB5CE3FA81} = {E8EB253D-01DB-42D7-A2DF-02428EF7028F}
		{8F45F7C8-19D5-4D47-9791-EB83A2FA7EEB} = {08763D32-6F28-4924-B240-DF3EEC7BCE41}
		{25396958-BBC1-4774-94CA-C1E41418E95F} = {FB19DF5E-57E3-4123-8B54-A780BD5028ED}
		{22BD74AD-3369-4A33-A83F-ECB926C68727} = {ABB6BE6F-9416-4332-9F24-3990C3848DB5}
		{8340E66E-0318-48B5-823A-41002986FB70} = {ABB6BE6F-9416-4332-9F24-3990C3848DB5}
	EndGlobalSection
EndGlobal
